
Microsoft Visual Studio Solution File, Format Version 12.00
# Visual Studio Version 17
VisualStudioVersion = 17.6.33815.320
MinimumVisualStudioVersion = 10.0.40219.1
Project("{FAE04EC0-301F-11D3-BF4B-00C04F79EFBC}") = "ConsoleApp4", "ConsoleApp4\ConsoleApp4.csproj", "{104AB856-657A-40F2-99F7-28B5908675A3}"
EndProject
Global
	GlobalSection(SolutionConfigurationPlatforms) = preSolution
		Debug|Any CPU = Debug|Any CPU
		Release|Any CPU = Release|Any CPU
	EndGlobalSection
	GlobalSection(ProjectConfigurationPlatforms) = postSolution
		{104AB856-657A-40F2-99F7-28B5908675A3}.Debug|Any CPU.ActiveCfg = Debug|Any CPU
		{104AB856-657A-40F2-99F7-28B5908675A3}.Debug|Any CPU.Build.0 = Debug|Any CPU
		{104AB856-657A-40F2-99F7-28B5908675A3}.Release|Any CPU.ActiveCfg = Release|Any CPU
		{104AB856-657A-40F2-99F7-28B5908675A3}.Release|Any CPU.Build.0 = Release|Any CPU
	EndGlobalSection
	GlobalSection(SolutionProperties) = preSolution
		HideSolutionNode = FALSE
	EndGlobalSection
	GlobalSection(ExtensibilityGlobals) = postSolution
		SolutionGuid = {488D2335-2B33-4696-9EF2-9A18B4A158E5}
	EndGlobalSection
EndGlobal
